
Microsoft Visual Studio Solution File, Format Version 12.00
# Visual Studio Version 16
VisualStudioVersion = 16.0.29519.181
MinimumVisualStudioVersion = 10.0.40219.1
Project("{FAE04EC0-301F-11D3-BF4B-00C04F79EFBC}") = "Modelling", "Modelling\Modelling.csproj", "{B133810A-1FF9-4793-A81A-51808343B4EC}"
EndProject
Global
	GlobalSection(SolutionConfigurationPlatforms) = preSolution
		Debug|Any CPU = Debug|Any CPU
		Release|Any CPU = Release|Any CPU
	EndGlobalSection
	GlobalSection(ProjectConfigurationPlatforms) = postSolution
		{B133810A-1FF9-4793-A81A-51808343B4EC}.Debug|Any CPU.ActiveCfg = Debug|Any CPU
		{B133810A-1FF9-4793-A81A-51808343B4EC}.Debug|Any CPU.Build.0 = Debug|Any CPU
		{B133810A-1FF9-4793-A81A-51808343B4EC}.Release|Any CPU.ActiveCfg = Release|Any CPU
		{B133810A-1FF9-4793-A81A-51808343B4EC}.Release|Any CPU.Build.0 = Release|Any CPU
	EndGlobalSection
	GlobalSection(SolutionProperties) = preSolution
		HideSolutionNode = FALSE
	EndGlobalSection
	GlobalSection(ExtensibilityGlobals) = postSolution
		SolutionGuid = {A1BFF020-9F55-43D3-97F7-D0542CEB36C0}
	EndGlobalSection
EndGlobal
